{
  "version": 4,
  "terraform_version": "0.12.24",
  "serial": 442,
  "lineage": "f5c057f6-c034-2b9e-c751-a82ad4d41b56",
  "outputs": {
    "server-url": {
      "value": "http://18.144.101.84",
      "type": "string"
    }
  },
  "resources": [
    {
      "mode": "managed",
      "type": "aws_instance",
      "name": "webserver",
      "each": "list",
      "provider": "provider.aws",
      "instances": [
        {
          "index_key": 0,
          "schema_version": 1,
          "attributes": {
            "ami": "ami-0f56279347d2fa43e",
            "arn": "arn:aws:ec2:us-west-1:464992878940:instance/i-0fed5f2cf8af04169",
            "associate_public_ip_address": true,
            "availability_zone": "us-west-1c",
            "cpu_core_count": 1,
            "cpu_threads_per_core": 1,
            "credit_specification": [
              {
                "cpu_credits": "standard"
              }
            ],
            "disable_api_termination": false,
            "ebs_block_device": [
              {
                "delete_on_termination": true,
                "device_name": "/dev/sdg",
                "encrypted": true,
                "iops": 2000,
                "kms_key_id": "arn:aws:kms:us-west-1:464992878940:key/77475ba6-9403-4338-95db-4ca520ac0167",
                "snapshot_id": "",
                "volume_id": "vol-08435dcfdbe34a0ca",
                "volume_size": 500,
                "volume_type": "io1"
              }
            ],
            "ebs_optimized": false,
            "ephemeral_block_device": [],
            "get_password_data": false,
            "hibernation": false,
            "host_id": null,
            "iam_instance_profile": "",
            "id": "i-0fed5f2cf8af04169",
            "instance_initiated_shutdown_behavior": null,
            "instance_state": "running",
            "instance_type": "t2.nano",
            "ipv6_address_count": 0,
            "ipv6_addresses": [],
            "key_name": "terraform",
            "metadata_options": [
              {
                "http_endpoint": "enabled",
                "http_put_response_hop_limit": 1,
                "http_tokens": "optional"
              }
            ],
            "monitoring": false,
            "network_interface": [],
            "network_interface_id": null,
            "outpost_arn": "",
            "password_data": "",
            "placement_group": "",
            "primary_network_interface_id": "eni-0181949f8f28703d9",
            "private_dns": "ip-172-31-1-93.us-west-1.compute.internal",
            "private_ip": "172.31.1.93",
            "public_dns": "ec2-18-144-101-84.us-west-1.compute.amazonaws.com",
            "public_ip": "18.144.101.84",
            "root_block_device": [
              {
                "delete_on_termination": true,
                "device_name": "/dev/sda1",
                "encrypted": false,
                "iops": 100,
                "kms_key_id": "",
                "volume_id": "vol-01755b6f678deac3a",
                "volume_size": 8,
                "volume_type": "gp2"
              }
            ],
            "security_groups": [
              "default-egress-tls-example",
              "default-ping-example",
              "default-ssh-example",
              "default-web-example",
              "web_server"
            ],
            "source_dest_check": true,
            "subnet_id": "subnet-febc8fa5",
            "tags": {
              "Batch": "7AM",
              "Location": "California",
              "Name": "webserver-1"
            },
            "tenancy": "default",
            "timeouts": null,
            "user_data": null,
            "user_data_base64": null,
            "volume_tags": {},
            "vpc_security_group_ids": [
              "sg-01bb9ddff05075177",
              "sg-04fa9d8e6895ad2d0",
              "sg-059f24b7bf4d79185",
              "sg-0d7bacebece2f62aa",
              "sg-0e730fb439a40b543"
            ]
          },
          "private": "eyJlMmJmYjczMC1lY2FhLTExZTYtOGY4OC0zNDM2M2JjN2M0YzAiOnsiY3JlYXRlIjo2MDAwMDAwMDAwMDAsImRlbGV0ZSI6MTIwMDAwMDAwMDAwMCwidXBkYXRlIjo2MDAwMDAwMDAwMDB9LCJzY2hlbWFfdmVyc2lvbiI6IjEifQ==",
          "dependencies": [
            "aws_key_pair.demo_key",
            "aws_security_group.egress-tls",
            "aws_security_group.ping-ICMP",
            "aws_security_group.ssh",
            "aws_security_group.web",
            "aws_security_group.web_server"
          ]
        }
      ]
    },
    {
      "mode": "managed",
      "type": "aws_key_pair",
      "name": "demo_key",
      "provider": "provider.aws",
      "instances": [
        {
          "schema_version": 1,
          "attributes": {
            "fingerprint": "01:e0:d4:49:69:b1:35:75:20:b9:ea:23:76:e2:e0:2e",
            "id": "terraform",
            "key_name": "terraform",
            "key_name_prefix": null,
            "key_pair_id": "key-09c26bbfc91b7dc48",
            "public_key": "ssh-rsa AAAAB3NzaC1yc2EAAAADAQABAAABAQDP6tX/ZYbvs7QQrG4IG5lmggIBx+lmPTP4U1A/k5DZHQVgUPr3xzKlM/+vY0LXC0C9YtdPM1dlQQrWJ6WAVe6WavYNmEb3d+UMOLeNUDGzxQscdKt5wlJGUdDfVJMhnkqamzUcTtqhQLFpC3UY1fFaSHq+Fk6o85NE2EvCJg5LKLsFn3O3PobW82FPjdXvDX9DUGUzYMmyVULaWf/wy9WNRXDllAYagbrvROiFmo5SlnT6SPUaQgCwUwwomVS8U6g+Uf+LgckV8UBDl7RSP/nzzQog8QRE3/lkUFJXve3fgn5GoQctcU8KHexlBtSTZiep9aMwYJJmoET8GUje/NsD",
            "tags": null
          },
          "private": "eyJzY2hlbWFfdmVyc2lvbiI6IjEifQ=="
        }
      ]
    },
    {
      "mode": "managed",
      "type": "aws_security_group",
      "name": "egress-tls",
      "provider": "provider.aws",
      "instances": [
        {
          "schema_version": 1,
          "attributes": {
            "arn": "arn:aws:ec2:us-west-1:464992878940:security-group/sg-01bb9ddff05075177",
            "description": "Default security group that allows inbound and outbound traffic from all instances in the VPC",
            "egress": [
              {
                "cidr_blocks": [
                  "0.0.0.0/0"
                ],
                "description": "",
                "from_port": 0,
                "ipv6_cidr_blocks": [],
                "prefix_list_ids": [],
                "protocol": "-1",
                "security_groups": [],
                "self": false,
                "to_port": 0
              }
            ],
            "id": "sg-01bb9ddff05075177",
            "ingress": [],
            "name": "default-egress-tls-example",
            "name_prefix": null,
            "owner_id": "464992878940",
            "revoke_rules_on_delete": false,
            "tags": {
              "Name": "egress-tls-example-default-vpc"
            },
            "timeouts": null,
            "vpc_id": "vpc-baad99dd"
          },
          "private": "eyJlMmJmYjczMC1lY2FhLTExZTYtOGY4OC0zNDM2M2JjN2M0YzAiOnsiY3JlYXRlIjo2MDAwMDAwMDAwMDAsImRlbGV0ZSI6NjAwMDAwMDAwMDAwfSwic2NoZW1hX3ZlcnNpb24iOiIxIn0="
        }
      ]
    },
    {
      "mode": "managed",
      "type": "aws_security_group",
      "name": "ping-ICMP",
      "provider": "provider.aws",
      "instances": [
        {
          "schema_version": 1,
          "attributes": {
            "arn": "arn:aws:ec2:us-west-1:464992878940:security-group/sg-0e730fb439a40b543",
            "description": "Default security group that allows to ping the instance",
            "egress": [],
            "id": "sg-0e730fb439a40b543",
            "ingress": [
              {
                "cidr_blocks": [
                  "0.0.0.0/0"
                ],
                "description": "",
                "from_port": -1,
                "ipv6_cidr_blocks": [
                  "::/0"
                ],
                "prefix_list_ids": [],
                "protocol": "icmp",
                "security_groups": [],
                "self": false,
                "to_port": -1
              }
            ],
            "name": "default-ping-example",
            "name_prefix": null,
            "owner_id": "464992878940",
            "revoke_rules_on_delete": false,
            "tags": {
              "Name": "ping-ICMP-example-default-vpc"
            },
            "timeouts": null,
            "vpc_id": "vpc-baad99dd"
          },
          "private": "eyJlMmJmYjczMC1lY2FhLTExZTYtOGY4OC0zNDM2M2JjN2M0YzAiOnsiY3JlYXRlIjo2MDAwMDAwMDAwMDAsImRlbGV0ZSI6NjAwMDAwMDAwMDAwfSwic2NoZW1hX3ZlcnNpb24iOiIxIn0="
        }
      ]
    },
    {
      "mode": "managed",
      "type": "aws_security_group",
      "name": "ssh",
      "provider": "provider.aws",
      "instances": [
        {
          "schema_version": 1,
          "attributes": {
            "arn": "arn:aws:ec2:us-west-1:464992878940:security-group/sg-059f24b7bf4d79185",
            "description": "Security group for nat instances that allows SSH and VPN traffic from internet",
            "egress": [],
            "id": "sg-059f24b7bf4d79185",
            "ingress": [
              {
                "cidr_blocks": [
                  "0.0.0.0/0"
                ],
                "description": "",
                "from_port": 22,
                "ipv6_cidr_blocks": [],
                "prefix_list_ids": [],
                "protocol": "tcp",
                "security_groups": [],
                "self": false,
                "to_port": 22
              }
            ],
            "name": "default-ssh-example",
            "name_prefix": null,
            "owner_id": "464992878940",
            "revoke_rules_on_delete": false,
            "tags": {
              "Name": "ssh-example-default-vpc"
            },
            "timeouts": null,
            "vpc_id": "vpc-baad99dd"
          },
          "private": "eyJlMmJmYjczMC1lY2FhLTExZTYtOGY4OC0zNDM2M2JjN2M0YzAiOnsiY3JlYXRlIjo2MDAwMDAwMDAwMDAsImRlbGV0ZSI6NjAwMDAwMDAwMDAwfSwic2NoZW1hX3ZlcnNpb24iOiIxIn0="
        }
      ]
    },
    {
      "mode": "managed",
      "type": "aws_security_group",
      "name": "web",
      "provider": "provider.aws",
      "instances": [
        {
          "schema_version": 1,
          "attributes": {
            "arn": "arn:aws:ec2:us-west-1:464992878940:security-group/sg-0d7bacebece2f62aa",
            "description": "Security group for web that allows web traffic from internet",
            "egress": [],
            "id": "sg-0d7bacebece2f62aa",
            "ingress": [
              {
                "cidr_blocks": [
                  "0.0.0.0/0"
                ],
                "description": "",
                "from_port": 443,
                "ipv6_cidr_blocks": [],
                "prefix_list_ids": [],
                "protocol": "tcp",
                "security_groups": [],
                "self": false,
                "to_port": 443
              },
              {
                "cidr_blocks": [
                  "0.0.0.0/0"
                ],
                "description": "",
                "from_port": 80,
                "ipv6_cidr_blocks": [],
                "prefix_list_ids": [],
                "protocol": "tcp",
                "security_groups": [],
                "self": false,
                "to_port": 80
              }
            ],
            "name": "default-web-example",
            "name_prefix": null,
            "owner_id": "464992878940",
            "revoke_rules_on_delete": false,
            "tags": {
              "Name": "web-example-default-vpc"
            },
            "timeouts": null,
            "vpc_id": "vpc-baad99dd"
          },
          "private": "eyJlMmJmYjczMC1lY2FhLTExZTYtOGY4OC0zNDM2M2JjN2M0YzAiOnsiY3JlYXRlIjo2MDAwMDAwMDAwMDAsImRlbGV0ZSI6NjAwMDAwMDAwMDAwfSwic2NoZW1hX3ZlcnNpb24iOiIxIn0="
        }
      ]
    },
    {
      "mode": "managed",
      "type": "aws_security_group",
      "name": "web_server",
      "provider": "provider.aws",
      "instances": [
        {
          "schema_version": 1,
          "attributes": {
            "arn": "arn:aws:ec2:us-west-1:464992878940:security-group/sg-04fa9d8e6895ad2d0",
            "description": "Exposes port 5000 for flask webserver",
            "egress": [],
            "id": "sg-04fa9d8e6895ad2d0",
            "ingress": [
              {
                "cidr_blocks": [
                  "0.0.0.0/0"
                ],
                "description": "",
                "from_port": 5000,
                "ipv6_cidr_blocks": [],
                "prefix_list_ids": [],
                "protocol": "tcp",
                "security_groups": [],
                "self": false,
                "to_port": 5000
              }
            ],
            "name": "web_server",
            "name_prefix": null,
            "owner_id": "464992878940",
            "revoke_rules_on_delete": false,
            "tags": {
              "Name": "web_server-example-default-vpc"
            },
            "timeouts": null,
            "vpc_id": "vpc-baad99dd"
          },
          "private": "eyJlMmJmYjczMC1lY2FhLTExZTYtOGY4OC0zNDM2M2JjN2M0YzAiOnsiY3JlYXRlIjo2MDAwMDAwMDAwMDAsImRlbGV0ZSI6NjAwMDAwMDAwMDAwfSwic2NoZW1hX3ZlcnNpb24iOiIxIn0="
        }
      ]
    }
  ]
}
